
Microsoft Visual Studio Solution File, Format Version 12.00
# Visual Studio Version 17
VisualStudioVersion = 17.5.33530.505
MinimumVisualStudioVersion = 10.0.40219.1
Project("{FAE04EC0-301F-11D3-BF4B-00C04F79EFBC}") = "Bank.DP", "Bank.DP\Bank.DP.csproj", "{D634A406-A8DA-43B8-9313-DF0F45B3783C}"
EndProject
Global
	GlobalSection(SolutionConfigurationPlatforms) = preSolution
		Debug|Any CPU = Debug|Any CPU
		Release|Any CPU = Release|Any CPU
	EndGlobalSection
	GlobalSection(ProjectConfigurationPlatforms) = postSolution
		{D634A406-A8DA-43B8-9313-DF0F45B3783C}.Debug|Any CPU.ActiveCfg = Debug|Any CPU
		{D634A406-A8DA-43B8-9313-DF0F45B3783C}.Debug|Any CPU.Build.0 = Debug|Any CPU
		{D634A406-A8DA-43B8-9313-DF0F45B3783C}.Release|Any CPU.ActiveCfg = Release|Any CPU
		{D634A406-A8DA-43B8-9313-DF0F45B3783C}.Release|Any CPU.Build.0 = Release|Any CPU
	EndGlobalSection
	GlobalSection(SolutionProperties) = preSolution
		HideSolutionNode = FALSE
	EndGlobalSection
	GlobalSection(ExtensibilityGlobals) = postSolution
		SolutionGuid = {86D06051-F01F-4A27-8E45-B77A2681D5F5}
	EndGlobalSection
EndGlobal
